
Microsoft Visual Studio Solution File, Format Version 12.00
# Visual Studio Version 17
VisualStudioVersion = 17.14.37027.9
MinimumVisualStudioVersion = 10.0.40219.1
Project("{8BC9CEB8-8B4A-11D0-8D11-00A0C91BC942}") = "Client", "Client\Client.vcxproj", "{50E884E8-0B57-492E-9206-67BFA535E909}"
EndProject
Project("{8BC9CEB8-8B4A-11D0-8D11-00A0C91BC942}") = "Server", "Server\Server.vcxproj", "{C636D1BD-7958-4B57-9586-C5FF7B47F18F}"
EndProject
Project("{8BC9CEB8-8B4A-11D0-8D11-00A0C91BC942}") = "FormatLastError", "FormatLastError\FormatLastError.vcxproj", "{072F5DFC-521E-4549-85FA-AB0AE2664F93}"
EndProject
Global
	GlobalSection(SolutionConfigurationPlatforms) = preSolution
		Debug|x64 = Debug|x64
		Debug|x86 = Debug|x86
		Release|x64 = Release|x64
		Release|x86 = Release|x86
	EndGlobalSection
	GlobalSection(ProjectConfigurationPlatforms) = postSolution
		{50E884E8-0B57-492E-9206-67BFA535E909}.Debug|x64.ActiveCfg = Debug|x64
		{50E884E8-0B57-492E-9206-67BFA535E909}.Debug|x64.Build.0 = Debug|x64
		{50E884E8-0B57-492E-9206-67BFA535E909}.Debug|x86.ActiveCfg = Debug|Win32
		{50E884E8-0B57-492E-9206-67BFA535E909}.Debug|x86.Build.0 = Debug|Win32
		{50E884E8-0B57-492E-9206-67BFA535E909}.Release|x64.ActiveCfg = Release|x64
		{50E884E8-0B57-492E-9206-67BFA535E909}.Release|x64.Build.0 = Release|x64
		{50E884E8-0B57-492E-9206-67BFA535E909}.Release|x86.ActiveCfg = Release|Win32
		{50E884E8-0B57-492E-9206-67BFA535E909}.Release|x86.Build.0 = Release|Win32
		{C636D1BD-7958-4B57-9586-C5FF7B47F18F}.Debug|x64.ActiveCfg = Debug|x64
		{C636D1BD-7958-4B57-9586-C5FF7B47F18F}.Debug|x64.Build.0 = Debug|x64
		{C636D1BD-7958-4B57-9586-C5FF7B47F18F}.Debug|x86.ActiveCfg = Debug|Win32
		{C636D1BD-7958-4B57-9586-C5FF7B47F18F}.Debug|x86.Build.0 = Debug|Win32
		{C636D1BD-7958-4B57-9586-C5FF7B47F18F}.Release|x64.ActiveCfg = Release|x64
		{C636D1BD-7958-4B57-9586-C5FF7B47F18F}.Release|x64.Build.0 = Release|x64
		{C636D1BD-7958-4B57-9586-C5FF7B47F18F}.Release|x86.ActiveCfg = Release|Win32
		{C636D1BD-7958-4B57-9586-C5FF7B47F18F}.Release|x86.Build.0 = Release|Win32
		{072F5DFC-521E-4549-85FA-AB0AE2664F93}.Debug|x64.ActiveCfg = Debug|x64
		{072F5DFC-521E-4549-85FA-AB0AE2664F93}.Debug|x64.Build.0 = Debug|x64
		{072F5DFC-521E-4549-85FA-AB0AE2664F93}.Debug|x86.ActiveCfg = Debug|Win32
		{072F5DFC-521E-4549-85FA-AB0AE2664F93}.Debug|x86.Build.0 = Debug|Win32
		{072F5DFC-521E-4549-85FA-AB0AE2664F93}.Release|x64.ActiveCfg = Release|x64
		{072F5DFC-521E-4549-85FA-AB0AE2664F93}.Release|x64.Build.0 = Release|x64
		{072F5DFC-521E-4549-85FA-AB0AE2664F93}.Release|x86.ActiveCfg = Release|Win32
		{072F5DFC-521E-4549-85FA-AB0AE2664F93}.Release|x86.Build.0 = Release|Win32
	EndGlobalSection
	GlobalSection(SolutionProperties) = preSolution
		HideSolutionNode = FALSE
	EndGlobalSection
	GlobalSection(ExtensibilityGlobals) = postSolution
		SolutionGuid = {DC30050C-5D08-449C-920B-189E3BDA936D}
	EndGlobalSection
EndGlobal
